
Microsoft Visual Studio Solution File, Format Version 12.00
# Visual Studio Version 17
VisualStudioVersion = 17.6.33829.357
MinimumVisualStudioVersion = 10.0.40219.1
Project("{9A19103F-16F7-4668-BE54-9A1E7A4F7556}") = "Cms.Web.Mvc", "Cms.Web.Mvc\Cms.Web.Mvc.csproj", "{CEC94AF0-160A-4A6A-AD6B-BAAA611F5A2A}"
EndProject
Project("{9A19103F-16F7-4668-BE54-9A1E7A4F7556}") = "Cms.Web.Data", "Cms.Web.Data\Cms.Web.Data.csproj", "{2F52CB57-2A8D-4B1D-97AC-A6429B045954}"
EndProject
Project("{FAE04EC0-301F-11D3-BF4B-00C04F79EFBC}") = "Cms.Web.Api", "Cms.Web.Api\Cms.Web.Api.csproj", "{4232C063-1553-430C-BCF0-290B6FCE3E6F}"
EndProject
Global
	GlobalSection(SolutionConfigurationPlatforms) = preSolution
		Debug|Any CPU = Debug|Any CPU
		Release|Any CPU = Release|Any CPU
	EndGlobalSection
	GlobalSection(ProjectConfigurationPlatforms) = postSolution
		{CEC94AF0-160A-4A6A-AD6B-BAAA611F5A2A}.Debug|Any CPU.ActiveCfg = Debug|Any CPU
		{CEC94AF0-160A-4A6A-AD6B-BAAA611F5A2A}.Debug|Any CPU.Build.0 = Debug|Any CPU
		{CEC94AF0-160A-4A6A-AD6B-BAAA611F5A2A}.Release|Any CPU.ActiveCfg = Release|Any CPU
		{CEC94AF0-160A-4A6A-AD6B-BAAA611F5A2A}.Release|Any CPU.Build.0 = Release|Any CPU
		{2F52CB57-2A8D-4B1D-97AC-A6429B045954}.Debug|Any CPU.ActiveCfg = Debug|Any CPU
		{2F52CB57-2A8D-4B1D-97AC-A6429B045954}.Debug|Any CPU.Build.0 = Debug|Any CPU
		{2F52CB57-2A8D-4B1D-97AC-A6429B045954}.Release|Any CPU.ActiveCfg = Release|Any CPU
		{2F52CB57-2A8D-4B1D-97AC-A6429B045954}.Release|Any CPU.Build.0 = Release|Any CPU
		{4232C063-1553-430C-BCF0-290B6FCE3E6F}.Debug|Any CPU.ActiveCfg = Debug|Any CPU
		{4232C063-1553-430C-BCF0-290B6FCE3E6F}.Debug|Any CPU.Build.0 = Debug|Any CPU
		{4232C063-1553-430C-BCF0-290B6FCE3E6F}.Release|Any CPU.ActiveCfg = Release|Any CPU
		{4232C063-1553-430C-BCF0-290B6FCE3E6F}.Release|Any CPU.Build.0 = Release|Any CPU
	EndGlobalSection
	GlobalSection(SolutionProperties) = preSolution
		HideSolutionNode = FALSE
	EndGlobalSection
	GlobalSection(ExtensibilityGlobals) = postSolution
		SolutionGuid = {355DCD1C-22BD-4861-9E14-EEC93BA497DD}
	EndGlobalSection
EndGlobal
